// !$*UTF8*$!
{
	archiveVersion = 1;
	classes = {
	};
	objectVersion = 55;
	objects = {

/* Begin PBXBuildFile section */
		F545ACFB285EFA2600DABB7C /* Perter006_1App.swift in Sources */ = {isa = PBXBuildFile; fileRef = F545ACFA285EFA2600DABB7C /* Perter006_1App.swift */; };
		F545ACFF285EFA2800DABB7C /* Assets.xcassets in Resources */ = {isa = PBXBuildFile; fileRef = F545ACFE285EFA2800DABB7C /* Assets.xcassets */; };
		F545AD02285EFA2800DABB7C /* Preview Assets.xcassets in Resources */ = {isa = PBXBuildFile; fileRef = F545AD01285EFA2800DABB7C /* Preview Assets.xcassets */; };
		F545AD0C285EFA2900DABB7C /* Perter006_1Tests.swift in Sources */ = {isa = PBXBuildFile; fileRef = F545AD0B285EFA2900DABB7C /* Perter006_1Tests.swift */; };
		F545AD16285EFA2900DABB7C /* Perter006_1UITests.swift in Sources */ = {isa = PBXBuildFile; fileRef = F545AD15285EFA2900DABB7C /* Perter006_1UITests.swift */; };
		F545AD18285EFA2900DABB7C /* Perter006_1UITestsLaunchTests.swift in Sources */ = {isa = PBXBuildFile; fileRef = F545AD17285EFA2900DABB7C /* Perter006_1UITestsLaunchTests.swift */; };
		F545AD25285EFA4E00DABB7C /* HomeView.swift in Sources */ = {isa = PBXBuildFile; fileRef = F545AD24285EFA4E00DABB7C /* HomeView.swift */; };
		F545AD29285EFBC200DABB7C /* FirstGameView.swift in Sources */ = {isa = PBXBuildFile; fileRef = F545AD28285EFBC200DABB7C /* FirstGameView.swift */; };
/* End PBXBuildFile section */

/* Begin PBXContainerItemProxy section */
		F545AD08285EFA2900DABB7C /* PBXContainerItemProxy */ = {
			isa = PBXContainerItemProxy;
			containerPortal = F545ACEF285EFA2600DABB7C /* Project object */;
			proxyType = 1;
			remoteGlobalIDString = F545ACF6285EFA2600DABB7C;
			remoteInfo = Perter006_1;
		};
		F545AD12285EFA2900DABB7C /* PBXContainerItemProxy */ = {
			isa = PBXContainerItemProxy;
			containerPortal = F545ACEF285EFA2600DABB7C /* Project object */;
			proxyType = 1;
			remoteGlobalIDString = F545ACF6285EFA2600DABB7C;
			remoteInfo = Perter006_1;
		};
/* End PBXContainerItemProxy section */

/* Begin PBXFileReference section */
		F545ACF7285EFA2600DABB7C /* Perter006_1.app */ = {isa = PBXFileReference; explicitFileType = wrapper.application; includeInIndex = 0; path = Perter006_1.app; sourceTree = BUILT_PRODUCTS_DIR; };
		F545ACFA285EFA2600DABB7C /* Perter006_1App.swift */ = {isa = PBXFileReference; lastKnownFileType = sourcecode.swift; path = Perter006_1App.swift; sourceTree = "<group>"; };
		F545ACFE285EFA2800DABB7C /* Assets.xcassets */ = {isa = PBXFileReference; lastKnownFileType = folder.assetcatalog; path = Assets.xcassets; sourceTree = "<group>"; };
		F545AD01285EFA2800DABB7C /* Preview Assets.xcassets */ = {isa = PBXFileReference; lastKnownFileType = folder.assetcatalog; path = "Preview Assets.xcassets"; sourceTree = "<group>"; };
		F545AD07285EFA2900DABB7C /* Perter006_1Tests.xctest */ = {isa = PBXFileReference; explicitFileType = wrapper.cfbundle; includeInIndex = 0; path = Perter006_1Tests.xctest; sourceTree = BUILT_PRODUCTS_DIR; };
		F545AD0B285EFA2900DABB7C /* Perter006_1Tests.swift */ = {isa = PBXFileReference; lastKnownFileType = sourcecode.swift; path = Perter006_1Tests.swift; sourceTree = "<group>"; };
		F545AD11285EFA2900DABB7C /* Perter006_1UITests.xctest */ = {isa = PBXFileReference; explicitFileType = wrapper.cfbundle; includeInIndex = 0; path = Perter006_1UITests.xctest; sourceTree = BUILT_PRODUCTS_DIR; };
		F545AD15285EFA2900DABB7C /* Perter006_1UITests.swift */ = {isa = PBXFileReference; lastKnownFileType = sourcecode.swift; path = Perter006_1UITests.swift; sourceTree = "<group>"; };
		F545AD17285EFA2900DABB7C /* Perter006_1UITestsLaunchTests.swift */ = {isa = PBXFileReference; lastKnownFileType = sourcecode.swift; path = Perter006_1UITestsLaunchTests.swift; sourceTree = "<group>"; };
		F545AD24285EFA4E00DABB7C /* HomeView.swift */ = {isa = PBXFileReference; lastKnownFileType = sourcecode.swift; path = HomeView.swift; sourceTree = "<group>"; };
		F545AD28285EFBC200DABB7C /* FirstGameView.swift */ = {isa = PBXFileReference; lastKnownFileType = sourcecode.swift; path = FirstGameView.swift; sourceTree = "<group>"; };
/* End PBXFileReference section */

/* Begin PBXFrameworksBuildPhase section */
		F545ACF4285EFA2600DABB7C /* Frameworks */ = {
			isa = PBXFrameworksBuildPhase;
			buildActionMask = 2147483647;
			files = (
			);
			runOnlyForDeploymentPostprocessing = 0;
		};
		F545AD04285EFA2900DABB7C /* Frameworks */ = {
			isa = PBXFrameworksBuildPhase;
			buildActionMask = 2147483647;
			files = (
			);
			runOnlyForDeploymentPostprocessing = 0;
		};
		F545AD0E285EFA2900DABB7C /* Frameworks */ = {
			isa = PBXFrameworksBuildPhase;
			buildActionMask = 2147483647;
			files = (
			);
			runOnlyForDeploymentPostprocessing = 0;
		};
/* End PBXFrameworksBuildPhase section */

/* Begin PBXGroup section */
		F545ACEE285EFA2600DABB7C = {
			isa = PBXGroup;
			children = (
				F545ACF9285EFA2600DABB7C /* Perter006_1 */,
				F545AD0A285EFA2900DABB7C /* Perter006_1Tests */,
				F545AD14285EFA2900DABB7C /* Perter006_1UITests */,
				F545ACF8285EFA2600DABB7C /* Products */,
			);
			sourceTree = "<group>";
		};
		F545ACF8285EFA2600DABB7C /* Products */ = {
			isa = PBXGroup;
			children = (
				F545ACF7285EFA2600DABB7C /* Perter006_1.app */,
				F545AD07285EFA2900DABB7C /* Perter006_1Tests.xctest */,
				F545AD11285EFA2900DABB7C /* Perter006_1UITests.xctest */,
			);
			name = Products;
			sourceTree = "<group>";
		};
		F545ACF9285EFA2600DABB7C /* Perter006_1 */ = {
			isa = PBXGroup;
			children = (
				F545ACFA285EFA2600DABB7C /* Perter006_1App.swift */,
				F545AD24285EFA4E00DABB7C /* HomeView.swift */,
				F545AD26285EFB7600DABB7C /* FirstGame */,
				F545ACFE285EFA2800DABB7C /* Assets.xcassets */,
				F545AD00285EFA2800DABB7C /* Preview Content */,
			);
			path = Perter006_1;
			sourceTree = "<group>";
		};
		F545AD00285EFA2800DABB7C /* Preview Content */ = {
			isa = PBXGroup;
			children = (
				F545AD01285EFA2800DABB7C /* Preview Assets.xcassets */,
			);
			path = "Preview Content";
			sourceTree = "<group>";
		};
		F545AD0A285EFA2900DABB7C /* Perter006_1Tests */ = {
			isa = PBXGroup;
			children = (
				F545AD0B285EFA2900DABB7C /* Perter006_1Tests.swift */,
			);
			path = Perter006_1Tests;
			sourceTree = "<group>";
		};
		F545AD14285EFA2900DABB7C /* Perter006_1UITests */ = {
			isa = PBXGroup;
			children = (
				F545AD15285EFA2900DABB7C /* Perter006_1UITests.swift */,
				F545AD17285EFA2900DABB7C /* Perter006_1UITestsLaunchTests.swift */,
			);
			path = Perter006_1UITests;
			sourceTree = "<group>";
		};
		F545AD26285EFB7600DABB7C /* FirstGame */ = {
			isa = PBXGroup;
			children = (
				F545AD28285EFBC200DABB7C /* FirstGameView.swift */,
			);
			path = FirstGame;
			sourceTree = "<group>";
		};
/* End PBXGroup section */

/* Begin PBXNativeTarget section */
		F545ACF6285EFA2600DABB7C /* Perter006_1 */ = {
			isa = PBXNativeTarget;
			buildConfigurationList = F545AD1B285EFA2900DABB7C /* Build configuration list for PBXNativeTarget "Perter006_1" */;
			buildPhases = (
				F545ACF3285EFA2600DABB7C /* Sources */,
				F545ACF4285EFA2600DABB7C /* Frameworks */,
				F545ACF5285EFA2600DABB7C /* Resources */,
			);
			buildRules = (
			);
			dependencies = (
			);
			name = Perter006_1;
			productName = Perter006_1;
			productReference = F545ACF7285EFA2600DABB7C /* Perter006_1.app */;
			productType = "com.apple.product-type.application";
		};
		F545AD06285EFA2900DABB7C /* Perter006_1Tests */ = {
			isa = PBXNativeTarget;
			buildConfigurationList = F545AD1E285EFA2900DABB7C /* Build configuration list for PBXNativeTarget "Perter006_1Tests" */;
			buildPhases = (
				F545AD03285EFA2900DABB7C /* Sources */,
				F545AD04285EFA2900DABB7C /* Frameworks */,
				F545AD05285EFA2900DABB7C /* Resources */,
			);
			buildRules = (
			);
			dependencies = (
				F545AD09285EFA2900DABB7C /* PBXTargetDependency */,
			);
			name = Perter006_1Tests;
			productName = Perter006_1Tests;
			productReference = F545AD07285EFA2900DABB7C /* Perter006_1Tests.xctest */;
			productType = "com.apple.product-type.bundle.unit-test";
		};
		F545AD10285EFA2900DABB7C /* Perter006_1UITests */ = {
			isa = PBXNativeTarget;
			buildConfigurationList = F545AD21285EFA2900DABB7C /* Build configuration list for PBXNativeTarget "Perter006_1UITests" */;
			buildPhases = (
				F545AD0D285EFA2900DABB7C /* Sources */,
				F545AD0E285EFA2900DABB7C /* Frameworks */,
				F545AD0F285EFA2900DABB7C /* Resources */,
			);
			buildRules = (
			);
			dependencies = (
				F545AD13285EFA2900DABB7C /* PBXTargetDependency */,
			);
			name = Perter006_1UITests;
			productName = Perter006_1UITests;
			productReference = F545AD11285EFA2900DABB7C /* Perter006_1UITests.xctest */;
			productType = "com.apple.product-type.bundle.ui-testing";
		};
/* End PBXNativeTarget section */

/* Begin PBXProject section */
		F545ACEF285EFA2600DABB7C /* Project object */ = {
			isa = PBXProject;
			attributes = {
				BuildIndependentTargetsInParallel = 1;
				LastSwiftUpdateCheck = 1310;
				LastUpgradeCheck = 1310;
				TargetAttributes = {
					F545ACF6285EFA2600DABB7C = {
						CreatedOnToolsVersion = 13.1;
					};
					F545AD06285EFA2900DABB7C = {
						CreatedOnToolsVersion = 13.1;
						TestTargetID = F545ACF6285EFA2600DABB7C;
					};
					F545AD10285EFA2900DABB7C = {
						CreatedOnToolsVersion = 13.1;
						TestTargetID = F545ACF6285EFA2600DABB7C;
					};
				};
			};
			buildConfigurationList = F545ACF2285EFA2600DABB7C /* Build configuration list for PBXProject "Perter006_1" */;
			compatibilityVersion = "Xcode 13.0";
			developmentRegion = en;
			hasScannedForEncodings = 0;
			knownRegions = (
				en,
				Base,
			);
			mainGroup = F545ACEE285EFA2600DABB7C;
			productRefGroup = F545ACF8285EFA2600DABB7C /* Products */;
			projectDirPath = "";
			projectRoot = "";
			targets = (
				F545ACF6285EFA2600DABB7C /* Perter006_1 */,
				F545AD06285EFA2900DABB7C /* Perter006_1Tests */,
				F545AD10285EFA2900DABB7C /* Perter006_1UITests */,
			);
		};
/* End PBXProject section */

/* Begin PBXResourcesBuildPhase section */
		F545ACF5285EFA2600DABB7C /* Resources */ = {
			isa = PBXResourcesBuildPhase;
			buildActionMask = 2147483647;
			files = (
				F545AD02285EFA2800DABB7C /* Preview Assets.xcassets in Resources */,
				F545ACFF285EFA2800DABB7C /* Assets.xcassets in Resources */,
			);
			runOnlyForDeploymentPostprocessing = 0;
		};
		F545AD05285EFA2900DABB7C /* Resources */ = {
			isa = PBXResourcesBuildPhase;
			buildActionMask = 2147483647;
			files = (
			);
			runOnlyForDeploymentPostprocessing = 0;
		};
		F545AD0F285EFA2900DABB7C /* Resources */ = {
			isa = PBXResourcesBuildPhase;
			buildActionMask = 2147483647;
			files = (
			);
			runOnlyForDeploymentPostprocessing = 0;
		};
/* End PBXResourcesBuildPhase section */

/* Begin PBXSourcesBuildPhase section */
		F545ACF3285EFA2600DABB7C /* Sources */ = {
			isa = PBXSourcesBuildPhase;
			buildActionMask = 2147483647;
			files = (
				F545AD25285EFA4E00DABB7C /* HomeView.swift in Sources */,
				F545ACFB285EFA2600DABB7C /* Perter006_1App.swift in Sources */,
				F545AD29285EFBC200DABB7C /* FirstGameView.swift in Sources */,
			);
			runOnlyForDeploymentPostprocessing = 0;
		};
		F545AD03285EFA2900DABB7C /* Sources */ = {
			isa = PBXSourcesBuildPhase;
			buildActionMask = 2147483647;
			files = (
				F545AD0C285EFA2900DABB7C /* Perter006_1Tests.swift in Sources */,
			);
			runOnlyForDeploymentPostprocessing = 0;
		};
		F545AD0D285EFA2900DABB7C /* Sources */ = {
			isa = PBXSourcesBuildPhase;
			buildActionMask = 2147483647;
			files = (
				F545AD16285EFA2900DABB7C /* Perter006_1UITests.swift in Sources */,
				F545AD18285EFA2900DABB7C /* Perter006_1UITestsLaunchTests.swift in Sources */,
			);
			runOnlyForDeploymentPostprocessing = 0;
		};
/* End PBXSourcesBuildPhase section */

/* Begin PBXTargetDependency section */
		F545AD09285EFA2900DABB7C /* PBXTargetDependency */ = {
			isa = PBXTargetDependency;
			target = F545ACF6285EFA2600DABB7C /* Perter006_1 */;
			targetProxy = F545AD08285EFA2900DABB7C /* PBXContainerItemProxy */;
		};
		F545AD13285EFA2900DABB7C /* PBXTargetDependency */ = {
			isa = PBXTargetDependency;
			target = F545ACF6285EFA2600DABB7C /* Perter006_1 */;
			targetProxy = F545AD12285EFA2900DABB7C /* PBXContainerItemProxy */;
		};
/* End PBXTargetDependency section */

/* Begin XCBuildConfiguration section */
		F545AD19285EFA2900DABB7C /* Debug */ = {
			isa = XCBuildConfiguration;
			buildSettings = {
				ALWAYS_SEARCH_USER_PATHS = NO;
				CLANG_ANALYZER_NONNULL = YES;
				CLANG_ANALYZER_NUMBER_OBJECT_CONVERSION = YES_AGGRESSIVE;
				CLANG_CXX_LANGUAGE_STANDARD = "gnu++17";
				CLANG_CXX_LIBRARY = "libc++";
				CLANG_ENABLE_MODULES = YES;
				CLANG_ENABLE_OBJC_ARC = YES;
				CLANG_ENABLE_OBJC_WEAK = YES;
				CLANG_WARN_BLOCK_CAPTURE_AUTORELEASING = YES;
				CLANG_WARN_BOOL_CONVERSION = YES;
				CLANG_WARN_COMMA = YES;
				CLANG_WARN_CONSTANT_CONVERSION = YES;
				CLANG_WARN_DEPRECATED_OBJC_IMPLEMENTATIONS = YES;
				CLANG_WARN_DIRECT_OBJC_ISA_USAGE = YES_ERROR;
				CLANG_WARN_DOCUMENTATION_COMMENTS = YES;
				CLANG_WARN_EMPTY_BODY = YES;
				CLANG_WARN_ENUM_CONVERSION = YES;
				CLANG_WARN_INFINITE_RECURSION = YES;
				CLANG_WARN_INT_CONVERSION = YES;
				CLANG_WARN_NON_LITERAL_NULL_CONVERSION = YES;
				CLANG_WARN_OBJC_IMPLICIT_RETAIN_SELF = YES;
				CLANG_WARN_OBJC_LITERAL_CONVERSION = YES;
				CLANG_WARN_OBJC_ROOT_CLASS = YES_ERROR;
				CLANG_WARN_QUOTED_INCLUDE_IN_FRAMEWORK_HEADER = YES;
				CLANG_WARN_RANGE_LOOP_ANALYSIS = YES;
				CLANG_WARN_STRICT_PROTOTYPES = YES;
				CLANG_WARN_SUSPICIOUS_MOVE = YES;
				CLANG_WARN_UNGUARDED_AVAILABILITY = YES_AGGRESSIVE;
				CLANG_WARN_UNREACHABLE_CODE = YES;
				CLANG_WARN__DUPLICATE_METHOD_MATCH = YES;
				COPY_PHASE_STRIP = NO;
				DEBUG_INFORMATION_FORMAT = dwarf;
				ENABLE_STRICT_OBJC_MSGSEND = YES;
				ENABLE_TESTABILITY = YES;
				GCC_C_LANGUAGE_STANDARD = gnu11;
				GCC_DYNAMIC_NO_PIC = NO;
				GCC_NO_COMMON_BLOCKS = YES;
				GCC_OPTIMIZATION_LEVEL = 0;
				GCC_PREPROCESSOR_DEFINITIONS = (
					"DEBUG=1",
					"$(inherited)",
				);
				GCC_WARN_64_TO_32_BIT_CONVERSION = YES;
				GCC_WARN_ABOUT_RETURN_TYPE = YES_ERROR;
				GCC_WARN_UNDECLARED_SELECTOR = YES;
				GCC_WARN_UNINITIALIZED_AUTOS = YES_AGGRESSIVE;
				GCC_WARN_UNUSED_FUNCTION = YES;
				GCC_WARN_UNUSED_VARIABLE = YES;
				IPHONEOS_DEPLOYMENT_TARGET = 15.0;
				MTL_ENABLE_DEBUG_INFO = INCLUDE_SOURCE;
				MTL_FAST_MATH = YES;
				ONLY_ACTIVE_ARCH = YES;
				SDKROOT = iphoneos;
				SWIFT_ACTIVE_COMPILATION_CONDITIONS = DEBUG;
				SWIFT_OPTIMIZATION_LEVEL = "-Onone";
			};
			name = Debug;
		};
		F545AD1A285EFA2900DABB7C /* Release */ = {
			isa = XCBuildConfiguration;
			buildSettings = {
				ALWAYS_SEARCH_USER_PATHS = NO;
				CLANG_ANALYZER_NONNULL = YES;
				CLANG_ANALYZER_NUMBER_OBJECT_CONVERSION = YES_AGGRESSIVE;
				CLANG_CXX_LANGUAGE_STANDARD = "gnu++17";
				CLANG_CXX_LIBRARY = "libc++";
				CLANG_ENABLE_MODULES = YES;
				CLANG_ENABLE_OBJC_ARC = YES;
				CLANG_ENABLE_OBJC_WEAK = YES;
				CLANG_WARN_BLOCK_CAPTURE_AUTORELEASING = YES;
				CLANG_WARN_BOOL_CONVERSION = YES;
				CLANG_WARN_COMMA = YES;
				CLANG_WARN_CONSTANT_CONVERSION = YES;
				CLANG_WARN_DEPRECATED_OBJC_IMPLEMENTATIONS = YES;
				CLANG_WARN_DIRECT_OBJC_ISA_USAGE = YES_ERROR;
				CLANG_WARN_DOCUMENTATION_COMMENTS = YES;
				CLANG_WARN_EMPTY_BODY = YES;
				CLANG_WARN_ENUM_CONVERSION = YES;
				CLANG_WARN_INFINITE_RECURSION = YES;
				CLANG_WARN_INT_CONVERSION = YES;
				CLANG_WARN_NON_LITERAL_NULL_CONVERSION = YES;
				CLANG_WARN_OBJC_IMPLICIT_RETAIN_SELF = YES;
				CLANG_WARN_OBJC_LITERAL_CONVERSION = YES;
				CLANG_WARN_OBJC_ROOT_CLASS = YES_ERROR;
				CLANG_WARN_QUOTED_INCLUDE_IN_FRAMEWORK_HEADER = YES;
				CLANG_WARN_RANGE_LOOP_ANALYSIS = YES;
				CLANG_WARN_STRICT_PROTOTYPES = YES;
				CLANG_WARN_SUSPICIOUS_MOVE = YES;
				CLANG_WARN_UNGUARDED_AVAILABILITY = YES_AGGRESSIVE;
				CLANG_WARN_UNREACHABLE_CODE = YES;
				CLANG_WARN__DUPLICATE_METHOD_MATCH = YES;
				COPY_PHASE_STRIP = NO;
				DEBUG_INFORMATION_FORMAT = "dwarf-with-dsym";
				ENABLE_NS_ASSERTIONS = NO;
				ENABLE_STRICT_OBJC_MSGSEND = YES;
				GCC_C_LANGUAGE_STANDARD = gnu11;
				GCC_NO_COMMON_BLOCKS = YES;
				GCC_WARN_64_TO_32_BIT_CONVERSION = YES;
				GCC_WARN_ABOUT_RETURN_TYPE = YES_ERROR;
				GCC_WARN_UNDECLARED_SELECTOR = YES;
				GCC_WARN_UNINITIALIZED_AUTOS = YES_AGGRESSIVE;
				GCC_WARN_UNUSED_FUNCTION = YES;
				GCC_WARN_UNUSED_VARIABLE = YES;
				IPHONEOS_DEPLOYMENT_TARGET = 15.0;
				MTL_ENABLE_DEBUG_INFO = NO;
				MTL_FAST_MATH = YES;
				SDKROOT = iphoneos;
				SWIFT_COMPILATION_MODE = wholemodule;
				SWIFT_OPTIMIZATION_LEVEL = "-O";
				VALIDATE_PRODUCT = YES;
			};
			name = Release;
		};
		F545AD1C285EFA2900DABB7C /* Debug */ = {
			isa = XCBuildConfiguration;
			buildSettings = {
				ASSETCATALOG_COMPILER_APPICON_NAME = AppIcon;
				ASSETCATALOG_COMPILER_GLOBAL_ACCENT_COLOR_NAME = AccentColor;
				CODE_SIGN_STYLE = Automatic;
				CURRENT_PROJECT_VERSION = 1;
				DEVELOPMENT_ASSET_PATHS = "\"Perter006_1/Preview Content\"";
				DEVELOPMENT_TEAM = 942H6V444Y;
				ENABLE_PREVIEWS = YES;
				GENERATE_INFOPLIST_FILE = YES;
				INFOPLIST_FILE = "Perter006-1-Info.plist";
				INFOPLIST_KEY_LSApplicationCategoryType = "";
				INFOPLIST_KEY_UIApplicationSceneManifest_Generation = YES;
				INFOPLIST_KEY_UIApplicationSupportsIndirectInputEvents = YES;
				INFOPLIST_KEY_UILaunchScreen_Generation = YES;
				INFOPLIST_KEY_UISupportedInterfaceOrientations_iPad = "UIInterfaceOrientationPortrait UIInterfaceOrientationPortraitUpsideDown UIInterfaceOrientationLandscapeLeft UIInterfaceOrientationLandscapeRight";
				INFOPLIST_KEY_UISupportedInterfaceOrientations_iPhone = "UIInterfaceOrientationPortrait UIInterfaceOrientationLandscapeLeft UIInterfaceOrientationLandscapeRight";
				LD_RUNPATH_SEARCH_PATHS = (
					"$(inherited)",
					"@executable_path/Frameworks",
				);
				MARKETING_VERSION = 1.0;
				PRODUCT_BUNDLE_IDENTIFIER = "com.ddong.Perter006-1";
				PRODUCT_NAME = "$(TARGET_NAME)";
				SWIFT_EMIT_LOC_STRINGS = YES;
				SWIFT_VERSION = 5.0;
				TARGETED_DEVICE_FAMILY = "1,2";
			};
			name = Debug;
		};
		F545AD1D285EFA2900DABB7C /* Release */ = {
			isa = XCBuildConfiguration;
			buildSettings = {
				ASSETCATALOG_COMPILER_APPICON_NAME = AppIcon;
				ASSETCATALOG_COMPILER_GLOBAL_ACCENT_COLOR_NAME = AccentColor;
				CODE_SIGN_STYLE = Automatic;
				CURRENT_PROJECT_VERSION = 1;
				DEVELOPMENT_ASSET_PATHS = "\"Perter006_1/Preview Content\"";
				DEVELOPMENT_TEAM = 942H6V444Y;
				ENABLE_PREVIEWS = YES;
				GENERATE_INFOPLIST_FILE = YES;
				INFOPLIST_FILE = "Perter006-1-Info.plist";
				INFOPLIST_KEY_LSApplicationCategoryType = "";
				INFOPLIST_KEY_UIApplicationSceneManifest_Generation = YES;
				INFOPLIST_KEY_UIApplicationSupportsIndirectInputEvents = YES;
				INFOPLIST_KEY_UILaunchScreen_Generation = YES;
				INFOPLIST_KEY_UISupportedInterfaceOrientations_iPad = "UIInterfaceOrientationPortrait UIInterfaceOrientationPortraitUpsideDown UIInterfaceOrientationLandscapeLeft UIInterfaceOrientationLandscapeRight";
				INFOPLIST_KEY_UISupportedInterfaceOrientations_iPhone = "UIInterfaceOrientationPortrait UIInterfaceOrientationLandscapeLeft UIInterfaceOrientationLandscapeRight";
				LD_RUNPATH_SEARCH_PATHS = (
					"$(inherited)",
					"@executable_path/Frameworks",
				);
				MARKETING_VERSION = 1.0;
				PRODUCT_BUNDLE_IDENTIFIER = "com.ddong.Perter006-1";
				PRODUCT_NAME = "$(TARGET_NAME)";
				SWIFT_EMIT_LOC_STRINGS = YES;
				SWIFT_VERSION = 5.0;
				TARGETED_DEVICE_FAMILY = "1,2";
			};
			name = Release;
		};
		F545AD1F285EFA2900DABB7C /* Debug */ = {
			isa = XCBuildConfiguration;
			buildSettings = {
				ALWAYS_EMBED_SWIFT_STANDARD_LIBRARIES = YES;
				BUNDLE_LOADER = "$(TEST_HOST)";
				CODE_SIGN_STYLE = Automatic;
				CURRENT_PROJECT_VERSION = 1;
				DEVELOPMENT_TEAM = 942H6V444Y;
				GENERATE_INFOPLIST_FILE = YES;
				IPHONEOS_DEPLOYMENT_TARGET = 15.0;
				LD_RUNPATH_SEARCH_PATHS = (
					"$(inherited)",
					"@executable_path/Frameworks",
					"@loader_path/Frameworks",
				);
				MARKETING_VERSION = 1.0;
				PRODUCT_BUNDLE_IDENTIFIER = "com.ddong.Perter006-1Tests";
				PRODUCT_NAME = "$(TARGET_NAME)";
				SWIFT_EMIT_LOC_STRINGS = NO;
				SWIFT_VERSION = 5.0;
				TARGETED_DEVICE_FAMILY = "1,2";
				TEST_HOST = "$(BUILT_PRODUCTS_DIR)/Perter006_1.app/Perter006_1";
			};
			name = Debug;
		};
		F545AD20285EFA2900DABB7C /* Release */ = {
			isa = XCBuildConfiguration;
			buildSettings = {
				ALWAYS_EMBED_SWIFT_STANDARD_LIBRARIES = YES;
				BUNDLE_LOADER = "$(TEST_HOST)";
				CODE_SIGN_STYLE = Automatic;
				CURRENT_PROJECT_VERSION = 1;
				DEVELOPMENT_TEAM = 942H6V444Y;
				GENERATE_INFOPLIST_FILE = YES;
				IPHONEOS_DEPLOYMENT_TARGET = 15.0;
				LD_RUNPATH_SEARCH_PATHS = (
					"$(inherited)",
					"@executable_path/Frameworks",
					"@loader_path/Frameworks",
				);
				MARKETING_VERSION = 1.0;
				PRODUCT_BUNDLE_IDENTIFIER = "com.ddong.Perter006-1Tests";
				PRODUCT_NAME = "$(TARGET_NAME)";
				SWIFT_EMIT_LOC_STRINGS = NO;
				SWIFT_VERSION = 5.0;
				TARGETED_DEVICE_FAMILY = "1,2";
				TEST_HOST = "$(BUILT_PRODUCTS_DIR)/Perter006_1.app/Perter006_1";
			};
			name = Release;
		};
		F545AD22285EFA2900DABB7C /* Debug */ = {
			isa = XCBuildConfiguration;
			buildSettings = {
				ALWAYS_EMBED_SWIFT_STANDARD_LIBRARIES = YES;
				CODE_SIGN_STYLE = Automatic;
				CURRENT_PROJECT_VERSION = 1;
				DEVELOPMENT_TEAM = 942H6V444Y;
				GENERATE_INFOPLIST_FILE = YES;
				LD_RUNPATH_SEARCH_PATHS = (
					"$(inherited)",
					"@executable_path/Frameworks",
					"@loader_path/Frameworks",
				);
				MARKETING_VERSION = 1.0;
				PRODUCT_BUNDLE_IDENTIFIER = "com.ddong.Perter006-1UITests";
				PRODUCT_NAME = "$(TARGET_NAME)";
				SWIFT_EMIT_LOC_STRINGS = NO;
				SWIFT_VERSION = 5.0;
				TARGETED_DEVICE_FAMILY = "1,2";
				TEST_TARGET_NAME = Perter006_1;
			};
			name = Debug;
		};
		F545AD23285EFA2900DABB7C /* Release */ = {
			isa = XCBuildConfiguration;
			buildSettings = {
				ALWAYS_EMBED_SWIFT_STANDARD_LIBRARIES = YES;
				CODE_SIGN_STYLE = Automatic;
				CURRENT_PROJECT_VERSION = 1;
				DEVELOPMENT_TEAM = 942H6V444Y;
				GENERATE_INFOPLIST_FILE = YES;
				LD_RUNPATH_SEARCH_PATHS = (
					"$(inherited)",
					"@executable_path/Frameworks",
					"@loader_path/Frameworks",
				);
				MARKETING_VERSION = 1.0;
				PRODUCT_BUNDLE_IDENTIFIER = "com.ddong.Perter006-1UITests";
				PRODUCT_NAME = "$(TARGET_NAME)";
				SWIFT_EMIT_LOC_STRINGS = NO;
				SWIFT_VERSION = 5.0;
				TARGETED_DEVICE_FAMILY = "1,2";
				TEST_TARGET_NAME = Perter006_1;
			};
			name = Release;
		};
/* End XCBuildConfiguration section */

/* Begin XCConfigurationList section */
		F545ACF2285EFA2600DABB7C /* Build configuration list for PBXProject "Perter006_1" */ = {
			isa = XCConfigurationList;
			buildConfigurations = (
				F545AD19285EFA2900DABB7C /* Debug */,
				F545AD1A285EFA2900DABB7C /* Release */,
			);
			defaultConfigurationIsVisible = 0;
			defaultConfigurationName = Release;
		};
		F545AD1B285EFA2900DABB7C /* Build configuration list for PBXNativeTarget "Perter006_1" */ = {
			isa = XCConfigurationList;
			buildConfigurations = (
				F545AD1C285EFA2900DABB7C /* Debug */,
				F545AD1D285EFA2900DABB7C /* Release */,
			);
			defaultConfigurationIsVisible = 0;
			defaultConfigurationName = Release;
		};
		F545AD1E285EFA2900DABB7C /* Build configuration list for PBXNativeTarget "Perter006_1Tests" */ = {
			isa = XCConfigurationList;
			buildConfigurations = (
				F545AD1F285EFA2900DABB7C /* Debug */,
				F545AD20285EFA2900DABB7C /* Release */,
			);
			defaultConfigurationIsVisible = 0;
			defaultConfigurationName = Release;
		};
		F545AD21285EFA2900DABB7C /* Build configuration list for PBXNativeTarget "Perter006_1UITests" */ = {
			isa = XCConfigurationList;
			buildConfigurations = (
				F545AD22285EFA2900DABB7C /* Debug */,
				F545AD23285EFA2900DABB7C /* Release */,
			);
			defaultConfigurationIsVisible = 0;
			defaultConfigurationName = Release;
		};
/* End XCConfigurationList section */
	};
	rootObject = F545ACEF285EFA2600DABB7C /* Project object */;
}
